
Microsoft Visual Studio Solution File, Format Version 12.00
# Visual Studio Version 16
VisualStudioVersion = 16.0.29613.14
MinimumVisualStudioVersion = 15.0.26124.0
Project("{2150E333-8FDC-42A3-9474-1A3956D46DE8}") = "src", "src", "{ED4BCD92-B250-49F0-89D9-600ADA57A104}"
EndProject
Project("{FAE04EC0-301F-11D3-BF4B-00C04F79EFBC}") = "HandFire.Web", "src\HandFire.Web\HandFire.Web.csproj", "{CEA7ED6C-A8D6-4E0B-B91A-1119AD697B78}"
EndProject
Global
	GlobalSection(SolutionConfigurationPlatforms) = preSolution
		Debug|Any CPU = Debug|Any CPU
		Release|Any CPU = Release|Any CPU
	EndGlobalSection
	GlobalSection(ProjectConfigurationPlatforms) = postSolution
		{CEA7ED6C-A8D6-4E0B-B91A-1119AD697B78}.Debug|Any CPU.ActiveCfg = Debug|Any CPU
		{CEA7ED6C-A8D6-4E0B-B91A-1119AD697B78}.Debug|Any CPU.Build.0 = Debug|Any CPU
		{CEA7ED6C-A8D6-4E0B-B91A-1119AD697B78}.Release|Any CPU.ActiveCfg = Release|Any CPU
		{CEA7ED6C-A8D6-4E0B-B91A-1119AD697B78}.Release|Any CPU.Build.0 = Release|Any CPU
	EndGlobalSection
	GlobalSection(SolutionProperties) = preSolution
		HideSolutionNode = FALSE
	EndGlobalSection
	GlobalSection(NestedProjects) = preSolution
		{CEA7ED6C-A8D6-4E0B-B91A-1119AD697B78} = {ED4BCD92-B250-49F0-89D9-600ADA57A104}
	EndGlobalSection
	GlobalSection(ExtensibilityGlobals) = postSolution
		SolutionGuid = {D4CF206C-9DAC-4C11-BCBE-83C9DAC0B6E7}
	EndGlobalSection
EndGlobal
